lockfileVersion: '9.0'

settings:
  autoInstallPeers: true
  excludeLinksFromLockfile: false

importers:

  .:
    dependencies:
      nodemailer:
        specifier: ^10.0.15
        version: 10.0.15

packages:

  nodemailer@10.0.15:
    resolution: {integrity: sha512-EUqp5PhtcsYXs9Fq/lS7s/8zlTrnBqmzZWzFFROrNikMiz+om/YRKMwqN907t+0A1KKyT8jd39CBUbFZmaZmcA==}
    engines: {node: '>=20.0.0'}

snapshots:

  nodemailer@10.0.15: {}
